
Microsoft Visual Studio Solution File, Format Version 12.00
# Visual Studio Version 17
VisualStudioVersion = 17.0.32014.148
MinimumVisualStudioVersion = 10.0.40219.1
Project("{9A19103F-16F7-4668-BE54-9A1E7A4F7556}") = "QLimitive", "QLimitive\QLimitive.csproj", "{E9A553AC-29A7-41A4-AAF8-FD2C7BC93EBA}"
EndProject
Project("{9A19103F-16F7-4668-BE54-9A1E7A4F7556}") = "UnitTests", "UnitTests\UnitTests.csproj", "{A15CC41F-EB36-4A26-A74C-3819C4A62FDF}"
EndProject
Global
	GlobalSection(SolutionConfigurationPlatforms) = preSolution
		Debug|Any CPU = Debug|Any CPU
		Release|Any CPU = Release|Any CPU
	EndGlobalSection
	GlobalSection(ProjectConfigurationPlatforms) = postSolution
		{E9A553AC-29A7-41A4-AAF8-FD2C7BC93EBA}.Debug|Any CPU.ActiveCfg = Debug|Any CPU
		{E9A553AC-29A7-41A4-AAF8-FD2C7BC93EBA}.Debug|Any CPU.Build.0 = Debug|Any CPU
		{E9A553AC-29A7-41A4-AAF8-FD2C7BC93EBA}.Release|Any CPU.ActiveCfg = Release|Any CPU
		{E9A553AC-29A7-41A4-AAF8-FD2C7BC93EBA}.Release|Any CPU.Build.0 = Release|Any CPU
		{A15CC41F-EB36-4A26-A74C-3819C4A62FDF}.Debug|Any CPU.ActiveCfg = Debug|Any CPU
		{A15CC41F-EB36-4A26-A74C-3819C4A62FDF}.Debug|Any CPU.Build.0 = Debug|Any CPU
		{A15CC41F-EB36-4A26-A74C-3819C4A62FDF}.Release|Any CPU.ActiveCfg = Release|Any CPU
		{A15CC41F-EB36-4A26-A74C-3819C4A62FDF}.Release|Any CPU.Build.0 = Release|Any CPU
	EndGlobalSection
	GlobalSection(SolutionProperties) = preSolution
		HideSolutionNode = FALSE
	EndGlobalSection
	GlobalSection(ExtensibilityGlobals) = postSolution
		SolutionGuid = {5C32DC25-18BA-4D92-8102-5CBFC586D67F}
	EndGlobalSection
EndGlobal
